
Microsoft Visual Studio Solution File, Format Version 12.00
# Visual Studio Version 17
VisualStudioVersion = 17.9.34728.123
MinimumVisualStudioVersion = 10.0.40219.1
Project("{9A19103F-16F7-4668-BE54-9A1E7A4F7556}") = "WorkoutTracker.Application", "WorkoutTracker.Application\WorkoutTracker.Application.csproj", "{998EC73A-7B91-4027-A6DB-8B2B8DAA69F7}"
EndProject
Project("{9A19103F-16F7-4668-BE54-9A1E7A4F7556}") = "WorkoutTracker.Infrastructure", "WorkoutTracker.Infrastructure\WorkoutTracker.Infrastructure.csproj", "{6A97524C-92E6-4AF7-B9B9-E18D9F89AF41}"
EndProject
Project("{9A19103F-16F7-4668-BE54-9A1E7A4F7556}") = "WorkoutTracker.Api", "WorkoutTracker.Api\WorkoutTracker.Api.csproj", "{BD50CB40-CA5D-4D18-96A6-639E22A73F12}"
EndProject
Project("{9A19103F-16F7-4668-BE54-9A1E7A4F7556}") = "WorkoutTracker.Core", "WorkoutTracker.Core\WorkoutTracker.Core.csproj", "{B60BD6D9-2112-48BF-BBDC-0431623F5664}"
EndProject
Global
	GlobalSection(SolutionConfigurationPlatforms) = preSolution
		Debug|Any CPU = Debug|Any CPU
		Release|Any CPU = Release|Any CPU
	EndGlobalSection
	GlobalSection(ProjectConfigurationPlatforms) = postSolution
		{998EC73A-7B91-4027-A6DB-8B2B8DAA69F7}.Debug|Any CPU.ActiveCfg = Debug|Any CPU
		{998EC73A-7B91-4027-A6DB-8B2B8DAA69F7}.Debug|Any CPU.Build.0 = Debug|Any CPU
		{998EC73A-7B91-4027-A6DB-8B2B8DAA69F7}.Release|Any CPU.ActiveCfg = Release|Any CPU
		{998EC73A-7B91-4027-A6DB-8B2B8DAA69F7}.Release|Any CPU.Build.0 = Release|Any CPU
		{6A97524C-92E6-4AF7-B9B9-E18D9F89AF41}.Debug|Any CPU.ActiveCfg = Debug|Any CPU
		{6A97524C-92E6-4AF7-B9B9-E18D9F89AF41}.Debug|Any CPU.Build.0 = Debug|Any CPU
		{6A97524C-92E6-4AF7-B9B9-E18D9F89AF41}.Release|Any CPU.ActiveCfg = Release|Any CPU
		{6A97524C-92E6-4AF7-B9B9-E18D9F89AF41}.Release|Any CPU.Build.0 = Release|Any CPU
		{BD50CB40-CA5D-4D18-96A6-639E22A73F12}.Debug|Any CPU.ActiveCfg = Debug|Any CPU
		{BD50CB40-CA5D-4D18-96A6-639E22A73F12}.Debug|Any CPU.Build.0 = Debug|Any CPU
		{BD50CB40-CA5D-4D18-96A6-639E22A73F12}.Release|Any CPU.ActiveCfg = Release|Any CPU
		{BD50CB40-CA5D-4D18-96A6-639E22A73F12}.Release|Any CPU.Build.0 = Release|Any CPU
		{B60BD6D9-2112-48BF-BBDC-0431623F5664}.Debug|Any CPU.ActiveCfg = Debug|Any CPU
		{B60BD6D9-2112-48BF-BBDC-0431623F5664}.Debug|Any CPU.Build.0 = Debug|Any CPU
		{B60BD6D9-2112-48BF-BBDC-0431623F5664}.Release|Any CPU.ActiveCfg = Release|Any CPU
		{B60BD6D9-2112-48BF-BBDC-0431623F5664}.Release|Any CPU.Build.0 = Release|Any CPU
	EndGlobalSection
	GlobalSection(SolutionProperties) = preSolution
		HideSolutionNode = FALSE
	EndGlobalSection
	GlobalSection(ExtensibilityGlobals) = postSolution
		SolutionGuid = {1F9FA674-53DE-4E5B-B19A-FF989FD6667B}
	EndGlobalSection
EndGlobal
